
Microsoft Visual Studio Solution File, Format Version 12.00
# Visual Studio Version 17
VisualStudioVersion = 17.14.36109.1 d17.14
MinimumVisualStudioVersion = 10.0.40219.1
Project("{FAE04EC0-301F-11D3-BF4B-00C04F79EFBC}") = "WorkflowDesigner", "WorkflowDesigner\WorkflowDesigner.csproj", "{54A63B58-7782-4BED-A0EA-5CF12A60F37C}"
EndProject
Global
	GlobalSection(SolutionConfigurationPlatforms) = preSolution
		Debug|Any CPU = Debug|Any CPU
		Release|Any CPU = Release|Any CPU
	EndGlobalSection
	GlobalSection(ProjectConfigurationPlatforms) = postSolution
		{54A63B58-7782-4BED-A0EA-5CF12A60F37C}.Debug|Any CPU.ActiveCfg = Debug|Any CPU
		{54A63B58-7782-4BED-A0EA-5CF12A60F37C}.Debug|Any CPU.Build.0 = Debug|Any CPU
		{54A63B58-7782-4BED-A0EA-5CF12A60F37C}.Release|Any CPU.ActiveCfg = Release|Any CPU
		{54A63B58-7782-4BED-A0EA-5CF12A60F37C}.Release|Any CPU.Build.0 = Release|Any CPU
	EndGlobalSection
	GlobalSection(SolutionProperties) = preSolution
		HideSolutionNode = FALSE
	EndGlobalSection
	GlobalSection(ExtensibilityGlobals) = postSolution
		SolutionGuid = {354A382C-097D-4880-8B97-FE11A5FCC358}
	EndGlobalSection
EndGlobal
